
Microsoft Visual Studio Solution File, Format Version 12.00
# Visual Studio 15
VisualStudioVersion = 15.0.27130.2027
MinimumVisualStudioVersion = 10.0.40219.1
Project("{2150E333-8FDC-42A3-9474-1A3956D46DE8}") = "SolutionItems", "SolutionItems", "{429AFBA7-FA22-4251-B40B-95DD72B73A5B}"
	ProjectSection(SolutionItems) = preProject
		.codecov.yml = .codecov.yml
		.travis.yml = .travis.yml
	EndProjectSection
EndProject
Project("{9A19103F-16F7-4668-BE54-9A1E7A4F7556}") = "Com.Bateeq.Service.Sales.Lib", "Com.Bateeq.Service.Sales.Lib\Com.Bateeq.Service.Sales.Lib.csproj", "{9686922E-42CF-4D67-8452-D91071524501}"
EndProject
Project("{9A19103F-16F7-4668-BE54-9A1E7A4F7556}") = "Com.Bateeq.Service.Sales.WebApi", "Com.Bateeq.Service.Sales.WebApi\Com.Bateeq.Service.Sales.WebApi.csproj", "{7C6E85FE-2997-40A7-A906-C1997F47C84C}"
EndProject
Project("{9A19103F-16F7-4668-BE54-9A1E7A4F7556}") = "Com.Bateeq.Sales.Test", "Com.Bateeq.Sales.Test\Com.Bateeq.Sales.Test.csproj", "{9BA071C2-E305-4B7A-92C0-E8D1001D66CE}"
EndProject
Global
	GlobalSection(SolutionConfigurationPlatforms) = preSolution
		Debug|Any CPU = Debug|Any CPU
		Release|Any CPU = Release|Any CPU
	EndGlobalSection
	GlobalSection(ProjectConfigurationPlatforms) = postSolution
		{9686922E-42CF-4D67-8452-D91071524501}.Debug|Any CPU.ActiveCfg = Debug|Any CPU
		{9686922E-42CF-4D67-8452-D91071524501}.Debug|Any CPU.Build.0 = Debug|Any CPU
		{9686922E-42CF-4D67-8452-D91071524501}.Release|Any CPU.ActiveCfg = Release|Any CPU
		{9686922E-42CF-4D67-8452-D91071524501}.Release|Any CPU.Build.0 = Release|Any CPU
		{7C6E85FE-2997-40A7-A906-C1997F47C84C}.Debug|Any CPU.ActiveCfg = Debug|Any CPU
		{7C6E85FE-2997-40A7-A906-C1997F47C84C}.Debug|Any CPU.Build.0 = Debug|Any CPU
		{7C6E85FE-2997-40A7-A906-C1997F47C84C}.Release|Any CPU.ActiveCfg = Release|Any CPU
		{7C6E85FE-2997-40A7-A906-C1997F47C84C}.Release|Any CPU.Build.0 = Release|Any CPU
		{9BA071C2-E305-4B7A-92C0-E8D1001D66CE}.Debug|Any CPU.ActiveCfg = Debug|Any CPU
		{9BA071C2-E305-4B7A-92C0-E8D1001D66CE}.Debug|Any CPU.Build.0 = Debug|Any CPU
		{9BA071C2-E305-4B7A-92C0-E8D1001D66CE}.Release|Any CPU.ActiveCfg = Release|Any CPU
		{9BA071C2-E305-4B7A-92C0-E8D1001D66CE}.Release|Any CPU.Build.0 = Release|Any CPU
	EndGlobalSection
	GlobalSection(SolutionProperties) = preSolution
		HideSolutionNode = FALSE
	EndGlobalSection
	GlobalSection(ExtensibilityGlobals) = postSolution
		SolutionGuid = {FC5C1AD2-164A-4874-AEA8-FA2E0A6502B9}
	EndGlobalSection
EndGlobal
